
Microsoft Visual Studio Solution File, Format Version 12.00
# Visual Studio Version 16
VisualStudioVersion = 16.0.30204.135
MinimumVisualStudioVersion = 10.0.40219.1
Project("{FAE04EC0-301F-11D3-BF4B-00C04F79EFBC}") = "EditorTutorial.Android", "EditorTutorial\EditorTutorial.Android\EditorTutorial.Android.csproj", "{75F89007-E117-49E9-8EEA-7F078EBD05D7}"
EndProject
Project("{FAE04EC0-301F-11D3-BF4B-00C04F79EFBC}") = "EditorTutorial", "EditorTutorial\EditorTutorial\EditorTutorial.csproj", "{9F232EA1-E0A4-4F6A-9727-267D953C0931}"
EndProject
Global
	GlobalSection(SolutionConfigurationPlatforms) = preSolution
		Debug|Any CPU = Debug|Any CPU
		Release|Any CPU = Release|Any CPU
	EndGlobalSection
	GlobalSection(ProjectConfigurationPlatforms) = postSolution
		{75F89007-E117-49E9-8EEA-7F078EBD05D7}.Debug|Any CPU.ActiveCfg = Debug|Any CPU
		{75F89007-E117-49E9-8EEA-7F078EBD05D7}.Debug|Any CPU.Build.0 = Debug|Any CPU
		{75F89007-E117-49E9-8EEA-7F078EBD05D7}.Debug|Any CPU.Deploy.0 = Debug|Any CPU
		{75F89007-E117-49E9-8EEA-7F078EBD05D7}.Release|Any CPU.ActiveCfg = Release|Any CPU
		{75F89007-E117-49E9-8EEA-7F078EBD05D7}.Release|Any CPU.Build.0 = Release|Any CPU
		{75F89007-E117-49E9-8EEA-7F078EBD05D7}.Release|Any CPU.Deploy.0 = Release|Any CPU
		{9F232EA1-E0A4-4F6A-9727-267D953C0931}.Debug|Any CPU.ActiveCfg = Debug|Any CPU
		{9F232EA1-E0A4-4F6A-9727-267D953C0931}.Debug|Any CPU.Build.0 = Debug|Any CPU
		{9F232EA1-E0A4-4F6A-9727-267D953C0931}.Debug|Any CPU.Deploy.0 = Debug|Any CPU
		{9F232EA1-E0A4-4F6A-9727-267D953C0931}.Release|Any CPU.ActiveCfg = Release|Any CPU
		{9F232EA1-E0A4-4F6A-9727-267D953C0931}.Release|Any CPU.Build.0 = Release|Any CPU
		{9F232EA1-E0A4-4F6A-9727-267D953C0931}.Release|Any CPU.Deploy.0 = Release|Any CPU
	EndGlobalSection
	GlobalSection(SolutionProperties) = preSolution
		HideSolutionNode = FALSE
	EndGlobalSection
	GlobalSection(ExtensibilityGlobals) = postSolution
		SolutionGuid = {5D3FEADB-4747-48B5-AFF1-1F3BA8CEDC9C}
	EndGlobalSection
EndGlobal
