
Microsoft Visual Studio Solution File, Format Version 12.00
# Visual Studio Version 16
VisualStudioVersion = 16.0.30204.135
MinimumVisualStudioVersion = 10.0.40219.1
Project("{FAE04EC0-301F-11D3-BF4B-00C04F79EFBC}") = "PopupsTutorial.Android", "PopupsTutorial\PopupsTutorial.Android\PopupsTutorial.Android.csproj", "{B43C10DD-CDCC-4262-9F3A-EAF8D96DBD4B}"
EndProject
Project("{FAE04EC0-301F-11D3-BF4B-00C04F79EFBC}") = "PopupsTutorial", "PopupsTutorial\PopupsTutorial\PopupsTutorial.csproj", "{7E92526E-D5E4-4AD4-94FA-973DF7F6FBAC}"
EndProject
Global
	GlobalSection(SolutionConfigurationPlatforms) = preSolution
		Debug|Any CPU = Debug|Any CPU
		Release|Any CPU = Release|Any CPU
	EndGlobalSection
	GlobalSection(ProjectConfigurationPlatforms) = postSolution
		{B43C10DD-CDCC-4262-9F3A-EAF8D96DBD4B}.Debug|Any CPU.ActiveCfg = Debug|Any CPU
		{B43C10DD-CDCC-4262-9F3A-EAF8D96DBD4B}.Debug|Any CPU.Build.0 = Debug|Any CPU
		{B43C10DD-CDCC-4262-9F3A-EAF8D96DBD4B}.Debug|Any CPU.Deploy.0 = Debug|Any CPU
		{B43C10DD-CDCC-4262-9F3A-EAF8D96DBD4B}.Release|Any CPU.ActiveCfg = Release|Any CPU
		{B43C10DD-CDCC-4262-9F3A-EAF8D96DBD4B}.Release|Any CPU.Build.0 = Release|Any CPU
		{B43C10DD-CDCC-4262-9F3A-EAF8D96DBD4B}.Release|Any CPU.Deploy.0 = Release|Any CPU
		{7E92526E-D5E4-4AD4-94FA-973DF7F6FBAC}.Debug|Any CPU.ActiveCfg = Debug|Any CPU
		{7E92526E-D5E4-4AD4-94FA-973DF7F6FBAC}.Debug|Any CPU.Build.0 = Debug|Any CPU
		{7E92526E-D5E4-4AD4-94FA-973DF7F6FBAC}.Debug|Any CPU.Deploy.0 = Debug|Any CPU
		{7E92526E-D5E4-4AD4-94FA-973DF7F6FBAC}.Release|Any CPU.ActiveCfg = Release|Any CPU
		{7E92526E-D5E4-4AD4-94FA-973DF7F6FBAC}.Release|Any CPU.Build.0 = Release|Any CPU
		{7E92526E-D5E4-4AD4-94FA-973DF7F6FBAC}.Release|Any CPU.Deploy.0 = Release|Any CPU
	EndGlobalSection
	GlobalSection(SolutionProperties) = preSolution
		HideSolutionNode = FALSE
	EndGlobalSection
	GlobalSection(ExtensibilityGlobals) = postSolution
		SolutionGuid = {97F2D10D-30B5-4B97-91E7-34A986EF0C53}
	EndGlobalSection
EndGlobal
