
Microsoft Visual Studio Solution File, Format Version 12.00
# Visual Studio Version 16
VisualStudioVersion = 16.0.30204.135
MinimumVisualStudioVersion = 10.0.40219.1
Project("{FAE04EC0-301F-11D3-BF4B-00C04F79EFBC}") = "ListViewTutorial.Android", "ListViewTutorial\ListViewTutorial.Android\ListViewTutorial.Android.csproj", "{57204E49-EB33-4BB9-A544-1E194C2FC4A3}"
EndProject
Project("{FAE04EC0-301F-11D3-BF4B-00C04F79EFBC}") = "ListViewTutorial", "ListViewTutorial\ListViewTutorial\ListViewTutorial.csproj", "{377DF2C2-BE92-4EF1-8153-CCE8B5280E87}"
EndProject
Global
	GlobalSection(SolutionConfigurationPlatforms) = preSolution
		Debug|Any CPU = Debug|Any CPU
		Release|Any CPU = Release|Any CPU
	EndGlobalSection
	GlobalSection(ProjectConfigurationPlatforms) = postSolution
		{57204E49-EB33-4BB9-A544-1E194C2FC4A3}.Debug|Any CPU.ActiveCfg = Debug|Any CPU
		{57204E49-EB33-4BB9-A544-1E194C2FC4A3}.Debug|Any CPU.Build.0 = Debug|Any CPU
		{57204E49-EB33-4BB9-A544-1E194C2FC4A3}.Debug|Any CPU.Deploy.0 = Debug|Any CPU
		{57204E49-EB33-4BB9-A544-1E194C2FC4A3}.Release|Any CPU.ActiveCfg = Release|Any CPU
		{57204E49-EB33-4BB9-A544-1E194C2FC4A3}.Release|Any CPU.Build.0 = Release|Any CPU
		{57204E49-EB33-4BB9-A544-1E194C2FC4A3}.Release|Any CPU.Deploy.0 = Release|Any CPU
		{377DF2C2-BE92-4EF1-8153-CCE8B5280E87}.Debug|Any CPU.ActiveCfg = Debug|Any CPU
		{377DF2C2-BE92-4EF1-8153-CCE8B5280E87}.Debug|Any CPU.Build.0 = Debug|Any CPU
		{377DF2C2-BE92-4EF1-8153-CCE8B5280E87}.Debug|Any CPU.Deploy.0 = Debug|Any CPU
		{377DF2C2-BE92-4EF1-8153-CCE8B5280E87}.Release|Any CPU.ActiveCfg = Release|Any CPU
		{377DF2C2-BE92-4EF1-8153-CCE8B5280E87}.Release|Any CPU.Build.0 = Release|Any CPU
		{377DF2C2-BE92-4EF1-8153-CCE8B5280E87}.Release|Any CPU.Deploy.0 = Release|Any CPU
	EndGlobalSection
	GlobalSection(SolutionProperties) = preSolution
		HideSolutionNode = FALSE
	EndGlobalSection
	GlobalSection(ExtensibilityGlobals) = postSolution
		SolutionGuid = {4DEFBD64-7E0B-497D-B48B-23A4187237CA}
	EndGlobalSection
EndGlobal
